
Microsoft Visual Studio Solution File, Format Version 12.00
# Visual Studio 15
VisualStudioVersion = 15.0.27130.2036
MinimumVisualStudioVersion = 10.0.40219.1
Project("{FAE04EC0-301F-11D3-BF4B-00C04F79EFBC}") = "Tramites", "Tramites\Tramites.csproj", "{8DFBE26C-AC99-4527-999C-AA0F1CB767B6}"
EndProject
Global
	GlobalSection(SolutionConfigurationPlatforms) = preSolution
		Debug|Any CPU = Debug|Any CPU
		Release|Any CPU = Release|Any CPU
	EndGlobalSection
	GlobalSection(ProjectConfigurationPlatforms) = postSolution
		{8DFBE26C-AC99-4527-999C-AA0F1CB767B6}.Debug|Any CPU.ActiveCfg = Debug|Any CPU
		{8DFBE26C-AC99-4527-999C-AA0F1CB767B6}.Debug|Any CPU.Build.0 = Debug|Any CPU
		{8DFBE26C-AC99-4527-999C-AA0F1CB767B6}.Release|Any CPU.ActiveCfg = Release|Any CPU
		{8DFBE26C-AC99-4527-999C-AA0F1CB767B6}.Release|Any CPU.Build.0 = Release|Any CPU
	EndGlobalSection
	GlobalSection(SolutionProperties) = preSolution
		HideSolutionNode = FALSE
	EndGlobalSection
	GlobalSection(ExtensibilityGlobals) = postSolution
		SolutionGuid = {38E83FEF-64F5-41C7-B941-B79C0E9543E7}
	EndGlobalSection
EndGlobal
